
Microsoft Visual Studio Solution File, Format Version 12.00
# Visual Studio Version 16
VisualStudioVersion = 16.0.32106.194
MinimumVisualStudioVersion = 10.0.40219.1
Project("{FAE04EC0-301F-11D3-BF4B-00C04F79EFBC}") = "ListOOP", "ListOOP\ListOOP.csproj", "{3FD5B9F1-9021-41FE-B77B-1561AE7EAC54}"
EndProject
Global
	GlobalSection(SolutionConfigurationPlatforms) = preSolution
		Debug|Any CPU = Debug|Any CPU
		Release|Any CPU = Release|Any CPU
	EndGlobalSection
	GlobalSection(ProjectConfigurationPlatforms) = postSolution
		{3FD5B9F1-9021-41FE-B77B-1561AE7EAC54}.Debug|Any CPU.ActiveCfg = Debug|Any CPU
		{3FD5B9F1-9021-41FE-B77B-1561AE7EAC54}.Debug|Any CPU.Build.0 = Debug|Any CPU
		{3FD5B9F1-9021-41FE-B77B-1561AE7EAC54}.Release|Any CPU.ActiveCfg = Release|Any CPU
		{3FD5B9F1-9021-41FE-B77B-1561AE7EAC54}.Release|Any CPU.Build.0 = Release|Any CPU
	EndGlobalSection
	GlobalSection(SolutionProperties) = preSolution
		HideSolutionNode = FALSE
	EndGlobalSection
	GlobalSection(ExtensibilityGlobals) = postSolution
		SolutionGuid = {6B744213-450F-4713-A2F6-BBA5B5B4CAAF}
	EndGlobalSection
EndGlobal
